
Microsoft Visual Studio Solution File, Format Version 12.00
# Visual Studio Version 16
VisualStudioVersion = 16.0.33027.164
MinimumVisualStudioVersion = 10.0.40219.1
Project("{FAE04EC0-301F-11D3-BF4B-00C04F79EFBC}") = "StackSimulator", "StackSimulator.csproj", "{25EF48F1-F441-4913-BFFA-55A467C64BD1}"
EndProject
Global
	GlobalSection(SolutionConfigurationPlatforms) = preSolution
		Debug|Any CPU = Debug|Any CPU
		Release|Any CPU = Release|Any CPU
	EndGlobalSection
	GlobalSection(ProjectConfigurationPlatforms) = postSolution
		{25EF48F1-F441-4913-BFFA-55A467C64BD1}.Debug|Any CPU.ActiveCfg = Debug|Any CPU
		{25EF48F1-F441-4913-BFFA-55A467C64BD1}.Debug|Any CPU.Build.0 = Debug|Any CPU
		{25EF48F1-F441-4913-BFFA-55A467C64BD1}.Release|Any CPU.ActiveCfg = Release|Any CPU
		{25EF48F1-F441-4913-BFFA-55A467C64BD1}.Release|Any CPU.Build.0 = Release|Any CPU
	EndGlobalSection
	GlobalSection(SolutionProperties) = preSolution
		HideSolutionNode = FALSE
	EndGlobalSection
	GlobalSection(ExtensibilityGlobals) = postSolution
		SolutionGuid = {D3475E29-B234-44A8-BAD2-61FF92F8900D}
	EndGlobalSection
EndGlobal
